
Microsoft Visual Studio Solution File, Format Version 12.00
# Visual Studio 15
VisualStudioVersion = 15.0.28307.572
MinimumVisualStudioVersion = 10.0.40219.1
Project("{FAE04EC0-301F-11D3-BF4B-00C04F79EFBC}") = "ArasSync", "ArasSync\ArasSync.csproj", "{98C8055A-DD3C-4254-A308-2DCF52E3C2F6}"
EndProject
Project("{FAE04EC0-301F-11D3-BF4B-00C04F79EFBC}") = "BitAddict.Aras", "BitAddict.Aras\BitAddict.Aras.csproj", "{9D0437E4-0228-4A6E-9CFD-E0FB6B7F3758}"
EndProject
Project("{2150E333-8FDC-42A3-9474-1A3956D46DE8}") = "Solution Items", "Solution Items", "{4D9B75B4-4450-4118-A91C-8BEB7CF356F0}"
	ProjectSection(SolutionItems) = preProject
		.editorconfig = .editorconfig
		.gitignore = .gitignore
		arasdb.json = arasdb.json
		COPYING.txt = COPYING.txt
		README.md = README.md
	EndProjectSection
EndProject
Project("{2150E333-8FDC-42A3-9474-1A3956D46DE8}") = "Scripts", "Scripts", "{253FEDBD-90A4-4C80-B2F1-D03C3DD8594B}"
	ProjectSection(SolutionItems) = preProject
		Scripts\Analyze.cmd = Scripts\Analyze.cmd
		Scripts\Build.cmd = Scripts\Build.cmd
		Scripts\CommandPrompt.bat = Scripts\CommandPrompt.bat
		Scripts\Documentation.cmd = Scripts\Documentation.cmd
		Scripts\UnitTests.cmd = Scripts\UnitTests.cmd
		Scripts\VisualStudio.bat = Scripts\VisualStudio.bat
	EndProjectSection
EndProject
Project("{2150E333-8FDC-42A3-9474-1A3956D46DE8}") = "Helpers", "Helpers", "{B0267693-468E-4ABD-A487-618F5FEC190A}"
	ProjectSection(SolutionItems) = preProject
		Scripts\_DevEnv.cmd = Scripts\_DevEnv.cmd
		Scripts\_MsBuild.cmd = Scripts\_MsBuild.cmd
		Scripts\_NuGet.cmd = Scripts\_NuGet.cmd
		Scripts\_NUnit.cmd = Scripts\_NUnit.cmd
		Scripts\_RestoreNugetCsproj.ps1 = Scripts\_RestoreNugetCsproj.ps1
		Scripts\_RestorePackages.cmd = Scripts\_RestorePackages.cmd
	EndProjectSection
EndProject
Project("{FAE04EC0-301F-11D3-BF4B-00C04F79EFBC}") = "Docs", "Docs\Docs.csproj", "{38E9DA57-7ACE-4AC6-98B8-FE33E423D8E6}"
EndProject
Project("{FAE04EC0-301F-11D3-BF4B-00C04F79EFBC}") = "BitAddict.Aras.ExternalUrlWidget", "BitAddict.Aras.ExternalUrlWidget\BitAddict.Aras.ExternalUrlWidget.csproj", "{CDED1774-B5BC-4245-A19E-265ABCEBC89A}"
EndProject
Global
	GlobalSection(SolutionConfigurationPlatforms) = preSolution
		Debug|Any CPU = Debug|Any CPU
		Release|Any CPU = Release|Any CPU
	EndGlobalSection
	GlobalSection(ProjectConfigurationPlatforms) = postSolution
		{98C8055A-DD3C-4254-A308-2DCF52E3C2F6}.Debug|Any CPU.ActiveCfg = Debug|Any CPU
		{98C8055A-DD3C-4254-A308-2DCF52E3C2F6}.Debug|Any CPU.Build.0 = Debug|Any CPU
		{98C8055A-DD3C-4254-A308-2DCF52E3C2F6}.Release|Any CPU.ActiveCfg = Release|Any CPU
		{98C8055A-DD3C-4254-A308-2DCF52E3C2F6}.Release|Any CPU.Build.0 = Release|Any CPU
		{9D0437E4-0228-4A6E-9CFD-E0FB6B7F3758}.Debug|Any CPU.ActiveCfg = Debug|Any CPU
		{9D0437E4-0228-4A6E-9CFD-E0FB6B7F3758}.Debug|Any CPU.Build.0 = Debug|Any CPU
		{9D0437E4-0228-4A6E-9CFD-E0FB6B7F3758}.Release|Any CPU.ActiveCfg = Release|Any CPU
		{9D0437E4-0228-4A6E-9CFD-E0FB6B7F3758}.Release|Any CPU.Build.0 = Release|Any CPU
		{38E9DA57-7ACE-4AC6-98B8-FE33E423D8E6}.Debug|Any CPU.ActiveCfg = Debug|Any CPU
		{38E9DA57-7ACE-4AC6-98B8-FE33E423D8E6}.Release|Any CPU.ActiveCfg = Release|Any CPU
		{CDED1774-B5BC-4245-A19E-265ABCEBC89A}.Debug|Any CPU.ActiveCfg = Debug|Any CPU
		{CDED1774-B5BC-4245-A19E-265ABCEBC89A}.Debug|Any CPU.Build.0 = Debug|Any CPU
		{CDED1774-B5BC-4245-A19E-265ABCEBC89A}.Release|Any CPU.ActiveCfg = Release|Any CPU
		{CDED1774-B5BC-4245-A19E-265ABCEBC89A}.Release|Any CPU.Build.0 = Release|Any CPU
	EndGlobalSection
	GlobalSection(SolutionProperties) = preSolution
		HideSolutionNode = FALSE
	EndGlobalSection
	GlobalSection(NestedProjects) = preSolution
		{B0267693-468E-4ABD-A487-618F5FEC190A} = {253FEDBD-90A4-4C80-B2F1-D03C3DD8594B}
	EndGlobalSection
	GlobalSection(ExtensibilityGlobals) = postSolution
		SolutionGuid = {832E2A81-AA5A-4415-BEF3-9496F9D19413}
	EndGlobalSection
EndGlobal
